{
  "nodes": {
    "home-manager": {
      "inputs": {
        "nixpkgs": [
          "nixpkgs"
        ]
      },
      "locked": {
        "lastModified": 1771647911,
        "narHash": "sha256-18liNHHwOmcaKCpOptE3wLW97fm5v7RTLiZBecX7km0=",
        "owner": "nix-community",
        "repo": "home-manager",
        "rev": "436b27742c996b75e2baf8e835e3b3eae0c9fbd4",
        "type": "github"
      },
      "original": {
        "owner": "nix-community",
        "repo": "home-manager",
        "type": "github"
      }
    },
    "nixpkgs": {
      "locked": {
        "lastModified": 1771369470,
        "narHash": "sha256-0NBlEBKkN3lufyvFegY4TYv5mCNHbi5OmBDrzihbBMQ=",
        "owner": "NixOS",
        "repo": "nixpkgs",
        "rev": "0182a361324364ae3f436a63005877674cf45efb",
        "type": "github"
      },
      "original": {
        "id": "nixpkgs",
        "ref": "nixos-unstable",
        "type": "indirect"
      }
    },
    "root": {
      "inputs": {
        "home-manager": "home-manager",
        "nixpkgs": "nixpkgs",
        "silentSDDM": "silentSDDM"
      }
    },
    "silentSDDM": {
      "inputs": {
        "nixpkgs": [
          "nixpkgs"
        ]
      },
      "locked": {
        "lastModified": 1771956684,
        "narHash": "sha256-+EtzmEzGA2xqwIvKrP0euYaOzrmTQWEWAiWV+k2WBEM=",
        "owner": "uiriansan",
        "repo": "SilentSDDM",
        "rev": "34f82e1fb8412fff78b82a0dcce763492b36054c",
        "type": "github"
      },
      "original": {
        "owner": "uiriansan",
        "repo": "SilentSDDM",
        "type": "github"
      }
    }
  },
  "root": "root",
  "version": 7
}
